github.com/pulumi/pulumi-hugo/themes/default v0.0.0-20210420180605-5a9c775a3d1c h1:ODVskkF6w7jbwIg67q4aOsc9N5524AoyA0QhJnSnK+0=
github.com/pulumi/pulumi-hugo/themes/default v0.0.0-20210420180605-5a9c775a3d1c/go.mod h1:081/gGTOxNFBjrLQ3QvsyP34iiWgmmKDtoi5falfsuo=
github.com/pulumi/pulumi-hugo/themes/default v0.0.0-20210420194405-2b584f5838fc h1:o/5UNnLl9Y2KUQae7uO8Dfh+PVkNYGxuZfp2oRTj1xo=
github.com/pulumi/pulumi-hugo/themes/default v0.0.0-20210420194405-2b584f5838fc/go.mod h1:081/gGTOxNFBjrLQ3QvsyP34iiWgmmKDtoi5falfsuo=
github.com/pulumi/pulumi-hugo/themes/default v0.0.0-20210421023237-36a5263f86f7 h1:COzGtWUiKZJGd+fL3D9p1mN69OeeN/QGpnEd6QjHLF4=
github.com/pulumi/pulumi-hugo/themes/default v0.0.0-20210421023237-36a5263f86f7/go.mod h1:081/gGTOxNFBjrLQ3QvsyP34iiWgmmKDtoi5falfsuo=
github.com/pulumi/pulumi-hugo/themes/default v0.0.0-20210421160253-9e8bf57f81d0 h1:s1Mm6OtStgVj/N9qCSfkC0zM4srQ7ogj2pVpEy6zd84=
github.com/pulumi/pulumi-hugo/themes/default v0.0.0-20210421160253-9e8bf57f81d0/go.mod h1:081/gGTOxNFBjrLQ3QvsyP34iiWgmmKDtoi5falfsuo=
github.com/pulumi/pulumi-hugo/themes/default v0.0.0-20210422144926-3d0ba0113111 h1:lfZa0KB7tAq7HRZAfIQfhsOoEKB4D726+5FkqWYICZY=
github.com/pulumi/pulumi-hugo/themes/default v0.0.0-20210422144926-3d0ba0113111/go.mod h1:081/gGTOxNFBjrLQ3QvsyP34iiWgmmKDtoi5falfsuo=
github.com/pulumi/pulumi-hugo/themes/default v0.0.0-20210422174340-bc2eca4d70d1 h1:VL+e8H65DOvrRQT24V1q7VfF0q+sOoSwGSkjFkLHB+k=
github.com/pulumi/pulumi-hugo/themes/default v0.0.0-20210422174340-bc2eca4d70d1/go.mod h1:081/gGTOxNFBjrLQ3QvsyP34iiWgmmKDtoi5falfsuo=
github.com/pulumi/pulumi-hugo/themes/default v0.0.0-20210422212958-3a224af22df1 h1:v5mm4XNK04q97K+GRwPUo5+wkoY05m8PHvpLCz4vHpc=
github.com/pulumi/pulumi-hugo/themes/default v0.0.0-20210422212958-3a224af22df1/go.mod h1:081/gGTOxNFBjrLQ3QvsyP34iiWgmmKDtoi5falfsuo=
github.com/pulumi/pulumi-hugo/themes/default v0.0.0-20210424180732-16df4682ff03 h1:icewWkCjIGqz0FX0BrPz+JmcwAqCZKI38Jp4sFl6fTs=
github.com/pulumi/pulumi-hugo/themes/default v0.0.0-20210424180732-16df4682ff03/go.mod h1:081/gGTOxNFBjrLQ3QvsyP34iiWgmmKDtoi5falfsuo=
github.com/pulumi/pulumi-hugo/themes/default v0.0.0-20210426213916-5c8a97d668f3 h1:1MkC7vY2CX5sxF+R8DHKbzdPQPmtPh5ubNpk/HHaiCo=
github.com/pulumi/pulumi-hugo/themes/default v0.0.0-20210426213916-5c8a97d668f3/go.mod h1:081/gGTOxNFBjrLQ3QvsyP34iiWgmmKDtoi5falfsuo=
github.com/pulumi/pulumi-hugo/themes/default v0.0.0-20210427193257-f4088bac6a91 h1:lSYwklzp5CRKv5YfIJLFo/9UFZhVY/QmWQi0hvq6NQk=
github.com/pulumi/pulumi-hugo/themes/default v0.0.0-20210427193257-f4088bac6a91/go.mod h1:081/gGTOxNFBjrLQ3QvsyP34iiWgmmKDtoi5falfsuo=
github.com/pulumi/pulumi-hugo/themes/default v0.0.0-20210428025216-f12ced68f819 h1:18/yXFHeOLoWmvuA10uGEtVVHuXn32RRrX/GsQ+i7MA=
github.com/pulumi/pulumi-hugo/themes/default v0.0.0-20210428025216-f12ced68f819/go.mod h1:081/gGTOxNFBjrLQ3QvsyP34iiWgmmKDtoi5falfsuo=
github.com/pulumi/pulumi-hugo/themes/default v0.0.0-20210428185448-1726f8f1b66b h1:G3Gfq51MgvFzD6dRaYb1o9WqVZb2bNr7ZhsrkJLH89U=
github.com/pulumi/pulumi-hugo/themes/default v0.0.0-20210428185448-1726f8f1b66b/go.mod h1:081/gGTOxNFBjrLQ3QvsyP34iiWgmmKDtoi5falfsuo=
github.com/pulumi/pulumi-hugo/themes/default v0.0.0-20210429001600-3cbb98b2571e h1:N320SSU00WmuFVN/c67itCj9jgMsllZOidMg996b2AA=
github.com/pulumi/pulumi-hugo/themes/default v0.0.0-20210429001600-3cbb98b2571e/go.mod h1:081/gGTOxNFBjrLQ3QvsyP34iiWgmmKDtoi5falfsuo=
