github.com/pulumi/pulumi-hugo/themes/default v0.0.0-20220504042409-82f5a4588c0e/go.mod h1:081/gGTOxNFBjrLQ3QvsyP34iiWgmmKDtoi5falfsuo=
github.com/pulumi/registry/themes/default v0.0.0-20230721180631-003eb4da7389 h1:tuvhWg9KTJoIyfw62Lbrh5+sCu2O3cZw7ONoGHRISCY=
github.com/pulumi/registry/themes/default v0.0.0-20230721180631-003eb4da7389/go.mod h1:QSvobZqmJMqVmn3BTfSiYkbRKtJHhSA8gotu/pD1a0w=
