github.com/pulumi/registry/themes/default v0.0.0-20220202224307-232ef2476662 h1:6onijSo4sRFEzrvrbG8vdoHJK35DOJz9CIPeScO+uVc=
github.com/pulumi/registry/themes/default v0.0.0-20220202224307-232ef2476662/go.mod h1:QSvobZqmJMqVmn3BTfSiYkbRKtJHhSA8gotu/pD1a0w=
github.com/pulumi/theme v0.0.0-20211223194917-17a4b2756498 h1:omPKrJaVRK3uRQkHwgQS6Y2DKs+FM0iLS2GKv2PPGJc=
github.com/pulumi/theme v0.0.0-20211223194917-17a4b2756498/go.mod h1:Ksr+ztEgwxDLYFRalb0SYu4WcGROgnF35iILealOMno=
