
Microsoft Visual Studio Solution File, Format Version 12.00
# Visual Studio Version 17
VisualStudioVersion = 17.5.002.0
MinimumVisualStudioVersion = 10.0.40219.1
Project("{2150E333-8FDC-42A3-9474-1A3956D46DE8}") = "themes", "themes", "{B126F596-D255-4887-BF7A-8802530C24F8}"
EndProject
Project("{2150E333-8FDC-42A3-9474-1A3956D46DE8}") = "default", "default", "{6663543E-C600-4924-A71A-9A1FC28F1FAB}"
EndProject
Project("{2150E333-8FDC-42A3-9474-1A3956D46DE8}") = "static", "static", "{E74D7619-201D-44F8-A7BB-E5314787744E}"
EndProject
Project("{2150E333-8FDC-42A3-9474-1A3956D46DE8}") = "programs", "programs", "{B704B841-F777-4B7F-9C41-2D3AE2BBD487}"
EndProject
Project("{9A19103F-16F7-4668-BE54-9A1E7A4F7556}") = "awsx-elb-multi-listener-redirect-csharp", "themes\default\static\programs\awsx-elb-multi-listener-redirect-csharp\awsx-elb-multi-listener-redirect-csharp.csproj", "{45C4C76E-1EA8-421E-917C-73513D5642CA}"
EndProject
Project("{9A19103F-16F7-4668-BE54-9A1E7A4F7556}") = "awsx-load-balanced-ec2-instances-csharp", "themes\default\static\programs\awsx-load-balanced-ec2-instances-csharp\awsx-load-balanced-ec2-instances-csharp.csproj", "{5F4D6256-821C-4F7E-B676-B65A5FF0634A}"
EndProject
Project("{9A19103F-16F7-4668-BE54-9A1E7A4F7556}") = "awsx-elb-web-listener-csharp", "themes\default\static\programs\awsx-elb-web-listener-csharp\awsx-elb-web-listener-csharp.csproj", "{40950572-E257-4CBC-9047-A2634B741876}"
EndProject
Project("{9A19103F-16F7-4668-BE54-9A1E7A4F7556}") = "awsx-vpc-sg-ec2-csharp", "themes\default\static\programs\awsx-vpc-sg-ec2-csharp\awsx-vpc-sg-ec2-csharp.csproj", "{413C4B30-88E5-4B27-81BE-9A6129EAC635}"
EndProject
Project("{9A19103F-16F7-4668-BE54-9A1E7A4F7556}") = "awsx-vpc-security-groups-csharp", "themes\default\static\programs\awsx-vpc-security-groups-csharp\awsx-vpc-security-groups-csharp.csproj", "{9CD9B50C-A4F8-4D6B-BF88-A7A38B49A8D6}"
EndProject
Project("{9A19103F-16F7-4668-BE54-9A1E7A4F7556}") = "awsx-ecr-repository-csharp", "themes\default\static\programs\awsx-ecr-repository-csharp\awsx-ecr-repository-csharp.csproj", "{B8B90DA0-3A4A-4442-A9A8-AD9D7FED848E}"
EndProject
Project("{9A19103F-16F7-4668-BE54-9A1E7A4F7556}") = "awsx-vpc-fargate-service-csharp", "themes\default\static\programs\awsx-vpc-fargate-service-csharp\awsx-vpc-fargate-service-csharp.csproj", "{EE8AA14A-0635-44E3-B748-016CB7DFA340}"
EndProject
Project("{9A19103F-16F7-4668-BE54-9A1E7A4F7556}") = "awsx-ecr-image-csharp", "themes\default\static\programs\awsx-ecr-image-csharp\awsx-ecr-image-csharp.csproj", "{0994972A-812F-4383-BCF5-2818D9D76ED5}"
EndProject
Project("{9A19103F-16F7-4668-BE54-9A1E7A4F7556}") = "awsx-vpc-default-csharp", "themes\default\static\programs\awsx-vpc-default-csharp\awsx-vpc-default-csharp.csproj", "{3D459EA1-3F20-4250-AD54-16A2CA75B5DA}"
EndProject
Project("{9A19103F-16F7-4668-BE54-9A1E7A4F7556}") = "aws-eks-cluster-csharp", "themes\default\static\programs\aws-eks-cluster-csharp\aws-eks-cluster-csharp.csproj", "{3F01185E-26AE-4181-A962-7D8992FBD9A8}"
EndProject
Project("{9A19103F-16F7-4668-BE54-9A1E7A4F7556}") = "awsx-vpc-cidr-csharp", "themes\default\static\programs\awsx-vpc-cidr-csharp\awsx-vpc-cidr-csharp.csproj", "{F07A6D2B-38D9-450E-8EE7-0E157833BF09}"
EndProject
Project("{9A19103F-16F7-4668-BE54-9A1E7A4F7556}") = "awsx-vpc-csharp", "themes\default\static\programs\awsx-vpc-csharp\awsx-vpc-csharp.csproj", "{BAD9F1FF-BD4D-49FB-8B8C-863A8310092F}"
EndProject
Project("{9A19103F-16F7-4668-BE54-9A1E7A4F7556}") = "awsx-elb-vpc-csharp", "themes\default\static\programs\awsx-elb-vpc-csharp\awsx-elb-vpc-csharp.csproj", "{42044FF7-1299-4859-8119-086BE40E8137}"
EndProject
Project("{9A19103F-16F7-4668-BE54-9A1E7A4F7556}") = "awsx-vpc-azs-csharp", "themes\default\static\programs\awsx-vpc-azs-csharp\awsx-vpc-azs-csharp.csproj", "{597DBF09-CA4C-4D2C-A7BC-95BE2AB67440}"
EndProject
Project("{9A19103F-16F7-4668-BE54-9A1E7A4F7556}") = "awsx-vpc-subnets-csharp", "themes\default\static\programs\awsx-vpc-subnets-csharp\awsx-vpc-subnets-csharp.csproj", "{3732F898-FC8B-41E4-BE51-ABADEC10AB55}"
EndProject
Project("{9A19103F-16F7-4668-BE54-9A1E7A4F7556}") = "awsx-elb-private-subnet-csharp", "themes\default\static\programs\awsx-elb-private-subnet-csharp\awsx-elb-private-subnet-csharp.csproj", "{AFAA82BB-AF8E-48BB-9DC7-7F1CE9C03EB7}"
EndProject
Project("{9A19103F-16F7-4668-BE54-9A1E7A4F7556}") = "awsx-vpc-nat-gateways-csharp", "themes\default\static\programs\awsx-vpc-nat-gateways-csharp\awsx-vpc-nat-gateways-csharp.csproj", "{1ADD69F5-2F16-45BD-9499-F16EC072E274}"
EndProject
Project("{9A19103F-16F7-4668-BE54-9A1E7A4F7556}") = "awsx-load-balanced-fargate-ecr-csharp", "themes\default\static\programs\awsx-load-balanced-fargate-ecr-csharp\awsx-load-balanced-fargate-ecr-csharp.csproj", "{9A584DCD-1068-434D-AED0-B3C17812D1FC}"
EndProject
Project("{9A19103F-16F7-4668-BE54-9A1E7A4F7556}") = "awsx-ecr-eks-deployment-service-csharp", "themes\default\static\programs\awsx-ecr-eks-deployment-service-csharp\awsx-ecr-eks-deployment-service-csharp.csproj", "{5CEBDAE4-D97E-4929-A721-0E41E75BFFAB}"
EndProject
Project("{9A19103F-16F7-4668-BE54-9A1E7A4F7556}") = "awsx-load-balanced-fargate-nginx-csharp", "themes\default\static\programs\awsx-load-balanced-fargate-nginx-csharp\awsx-load-balanced-fargate-nginx-csharp.csproj", "{6DFF8275-8A2E-4EC4-A3A3-AB17D7BBA198}"
EndProject
Global
	GlobalSection(SolutionConfigurationPlatforms) = preSolution
		Debug|Any CPU = Debug|Any CPU
		Release|Any CPU = Release|Any CPU
	EndGlobalSection
	GlobalSection(ProjectConfigurationPlatforms) = postSolution
		{45C4C76E-1EA8-421E-917C-73513D5642CA}.Debug|Any CPU.ActiveCfg = Debug|Any CPU
		{45C4C76E-1EA8-421E-917C-73513D5642CA}.Debug|Any CPU.Build.0 = Debug|Any CPU
		{45C4C76E-1EA8-421E-917C-73513D5642CA}.Release|Any CPU.ActiveCfg = Release|Any CPU
		{45C4C76E-1EA8-421E-917C-73513D5642CA}.Release|Any CPU.Build.0 = Release|Any CPU
		{5F4D6256-821C-4F7E-B676-B65A5FF0634A}.Debug|Any CPU.ActiveCfg = Debug|Any CPU
		{5F4D6256-821C-4F7E-B676-B65A5FF0634A}.Debug|Any CPU.Build.0 = Debug|Any CPU
		{5F4D6256-821C-4F7E-B676-B65A5FF0634A}.Release|Any CPU.ActiveCfg = Release|Any CPU
		{5F4D6256-821C-4F7E-B676-B65A5FF0634A}.Release|Any CPU.Build.0 = Release|Any CPU
		{40950572-E257-4CBC-9047-A2634B741876}.Debug|Any CPU.ActiveCfg = Debug|Any CPU
		{40950572-E257-4CBC-9047-A2634B741876}.Debug|Any CPU.Build.0 = Debug|Any CPU
		{40950572-E257-4CBC-9047-A2634B741876}.Release|Any CPU.ActiveCfg = Release|Any CPU
		{40950572-E257-4CBC-9047-A2634B741876}.Release|Any CPU.Build.0 = Release|Any CPU
		{413C4B30-88E5-4B27-81BE-9A6129EAC635}.Debug|Any CPU.ActiveCfg = Debug|Any CPU
		{413C4B30-88E5-4B27-81BE-9A6129EAC635}.Debug|Any CPU.Build.0 = Debug|Any CPU
		{413C4B30-88E5-4B27-81BE-9A6129EAC635}.Release|Any CPU.ActiveCfg = Release|Any CPU
		{413C4B30-88E5-4B27-81BE-9A6129EAC635}.Release|Any CPU.Build.0 = Release|Any CPU
		{9CD9B50C-A4F8-4D6B-BF88-A7A38B49A8D6}.Debug|Any CPU.ActiveCfg = Debug|Any CPU
		{9CD9B50C-A4F8-4D6B-BF88-A7A38B49A8D6}.Debug|Any CPU.Build.0 = Debug|Any CPU
		{9CD9B50C-A4F8-4D6B-BF88-A7A38B49A8D6}.Release|Any CPU.ActiveCfg = Release|Any CPU
		{9CD9B50C-A4F8-4D6B-BF88-A7A38B49A8D6}.Release|Any CPU.Build.0 = Release|Any CPU
		{B8B90DA0-3A4A-4442-A9A8-AD9D7FED848E}.Debug|Any CPU.ActiveCfg = Debug|Any CPU
		{B8B90DA0-3A4A-4442-A9A8-AD9D7FED848E}.Debug|Any CPU.Build.0 = Debug|Any CPU
		{B8B90DA0-3A4A-4442-A9A8-AD9D7FED848E}.Release|Any CPU.ActiveCfg = Release|Any CPU
		{B8B90DA0-3A4A-4442-A9A8-AD9D7FED848E}.Release|Any CPU.Build.0 = Release|Any CPU
		{EE8AA14A-0635-44E3-B748-016CB7DFA340}.Debug|Any CPU.ActiveCfg = Debug|Any CPU
		{EE8AA14A-0635-44E3-B748-016CB7DFA340}.Debug|Any CPU.Build.0 = Debug|Any CPU
		{EE8AA14A-0635-44E3-B748-016CB7DFA340}.Release|Any CPU.ActiveCfg = Release|Any CPU
		{EE8AA14A-0635-44E3-B748-016CB7DFA340}.Release|Any CPU.Build.0 = Release|Any CPU
		{0994972A-812F-4383-BCF5-2818D9D76ED5}.Debug|Any CPU.ActiveCfg = Debug|Any CPU
		{0994972A-812F-4383-BCF5-2818D9D76ED5}.Debug|Any CPU.Build.0 = Debug|Any CPU
		{0994972A-812F-4383-BCF5-2818D9D76ED5}.Release|Any CPU.ActiveCfg = Release|Any CPU
		{0994972A-812F-4383-BCF5-2818D9D76ED5}.Release|Any CPU.Build.0 = Release|Any CPU
		{3D459EA1-3F20-4250-AD54-16A2CA75B5DA}.Debug|Any CPU.ActiveCfg = Debug|Any CPU
		{3D459EA1-3F20-4250-AD54-16A2CA75B5DA}.Debug|Any CPU.Build.0 = Debug|Any CPU
		{3D459EA1-3F20-4250-AD54-16A2CA75B5DA}.Release|Any CPU.ActiveCfg = Release|Any CPU
		{3D459EA1-3F20-4250-AD54-16A2CA75B5DA}.Release|Any CPU.Build.0 = Release|Any CPU
		{3F01185E-26AE-4181-A962-7D8992FBD9A8}.Debug|Any CPU.ActiveCfg = Debug|Any CPU
		{3F01185E-26AE-4181-A962-7D8992FBD9A8}.Debug|Any CPU.Build.0 = Debug|Any CPU
		{3F01185E-26AE-4181-A962-7D8992FBD9A8}.Release|Any CPU.ActiveCfg = Release|Any CPU
		{3F01185E-26AE-4181-A962-7D8992FBD9A8}.Release|Any CPU.Build.0 = Release|Any CPU
		{F07A6D2B-38D9-450E-8EE7-0E157833BF09}.Debug|Any CPU.ActiveCfg = Debug|Any CPU
		{F07A6D2B-38D9-450E-8EE7-0E157833BF09}.Debug|Any CPU.Build.0 = Debug|Any CPU
		{F07A6D2B-38D9-450E-8EE7-0E157833BF09}.Release|Any CPU.ActiveCfg = Release|Any CPU
		{F07A6D2B-38D9-450E-8EE7-0E157833BF09}.Release|Any CPU.Build.0 = Release|Any CPU
		{BAD9F1FF-BD4D-49FB-8B8C-863A8310092F}.Debug|Any CPU.ActiveCfg = Debug|Any CPU
		{BAD9F1FF-BD4D-49FB-8B8C-863A8310092F}.Debug|Any CPU.Build.0 = Debug|Any CPU
		{BAD9F1FF-BD4D-49FB-8B8C-863A8310092F}.Release|Any CPU.ActiveCfg = Release|Any CPU
		{BAD9F1FF-BD4D-49FB-8B8C-863A8310092F}.Release|Any CPU.Build.0 = Release|Any CPU
		{42044FF7-1299-4859-8119-086BE40E8137}.Debug|Any CPU.ActiveCfg = Debug|Any CPU
		{42044FF7-1299-4859-8119-086BE40E8137}.Debug|Any CPU.Build.0 = Debug|Any CPU
		{42044FF7-1299-4859-8119-086BE40E8137}.Release|Any CPU.ActiveCfg = Release|Any CPU
		{42044FF7-1299-4859-8119-086BE40E8137}.Release|Any CPU.Build.0 = Release|Any CPU
		{597DBF09-CA4C-4D2C-A7BC-95BE2AB67440}.Debug|Any CPU.ActiveCfg = Debug|Any CPU
		{597DBF09-CA4C-4D2C-A7BC-95BE2AB67440}.Debug|Any CPU.Build.0 = Debug|Any CPU
		{597DBF09-CA4C-4D2C-A7BC-95BE2AB67440}.Release|Any CPU.ActiveCfg = Release|Any CPU
		{597DBF09-CA4C-4D2C-A7BC-95BE2AB67440}.Release|Any CPU.Build.0 = Release|Any CPU
		{3732F898-FC8B-41E4-BE51-ABADEC10AB55}.Debug|Any CPU.ActiveCfg = Debug|Any CPU
		{3732F898-FC8B-41E4-BE51-ABADEC10AB55}.Debug|Any CPU.Build.0 = Debug|Any CPU
		{3732F898-FC8B-41E4-BE51-ABADEC10AB55}.Release|Any CPU.ActiveCfg = Release|Any CPU
		{3732F898-FC8B-41E4-BE51-ABADEC10AB55}.Release|Any CPU.Build.0 = Release|Any CPU
		{AFAA82BB-AF8E-48BB-9DC7-7F1CE9C03EB7}.Debug|Any CPU.ActiveCfg = Debug|Any CPU
		{AFAA82BB-AF8E-48BB-9DC7-7F1CE9C03EB7}.Debug|Any CPU.Build.0 = Debug|Any CPU
		{AFAA82BB-AF8E-48BB-9DC7-7F1CE9C03EB7}.Release|Any CPU.ActiveCfg = Release|Any CPU
		{AFAA82BB-AF8E-48BB-9DC7-7F1CE9C03EB7}.Release|Any CPU.Build.0 = Release|Any CPU
		{1ADD69F5-2F16-45BD-9499-F16EC072E274}.Debug|Any CPU.ActiveCfg = Debug|Any CPU
		{1ADD69F5-2F16-45BD-9499-F16EC072E274}.Debug|Any CPU.Build.0 = Debug|Any CPU
		{1ADD69F5-2F16-45BD-9499-F16EC072E274}.Release|Any CPU.ActiveCfg = Release|Any CPU
		{1ADD69F5-2F16-45BD-9499-F16EC072E274}.Release|Any CPU.Build.0 = Release|Any CPU
		{9A584DCD-1068-434D-AED0-B3C17812D1FC}.Debug|Any CPU.ActiveCfg = Debug|Any CPU
		{9A584DCD-1068-434D-AED0-B3C17812D1FC}.Debug|Any CPU.Build.0 = Debug|Any CPU
		{9A584DCD-1068-434D-AED0-B3C17812D1FC}.Release|Any CPU.ActiveCfg = Release|Any CPU
		{9A584DCD-1068-434D-AED0-B3C17812D1FC}.Release|Any CPU.Build.0 = Release|Any CPU
		{5CEBDAE4-D97E-4929-A721-0E41E75BFFAB}.Debug|Any CPU.ActiveCfg = Debug|Any CPU
		{5CEBDAE4-D97E-4929-A721-0E41E75BFFAB}.Debug|Any CPU.Build.0 = Debug|Any CPU
		{5CEBDAE4-D97E-4929-A721-0E41E75BFFAB}.Release|Any CPU.ActiveCfg = Release|Any CPU
		{5CEBDAE4-D97E-4929-A721-0E41E75BFFAB}.Release|Any CPU.Build.0 = Release|Any CPU
		{6DFF8275-8A2E-4EC4-A3A3-AB17D7BBA198}.Debug|Any CPU.ActiveCfg = Debug|Any CPU
		{6DFF8275-8A2E-4EC4-A3A3-AB17D7BBA198}.Debug|Any CPU.Build.0 = Debug|Any CPU
		{6DFF8275-8A2E-4EC4-A3A3-AB17D7BBA198}.Release|Any CPU.ActiveCfg = Release|Any CPU
		{6DFF8275-8A2E-4EC4-A3A3-AB17D7BBA198}.Release|Any CPU.Build.0 = Release|Any CPU
	EndGlobalSection
	GlobalSection(SolutionProperties) = preSolution
		HideSolutionNode = FALSE
	EndGlobalSection
	GlobalSection(NestedProjects) = preSolution
		{6663543E-C600-4924-A71A-9A1FC28F1FAB} = {B126F596-D255-4887-BF7A-8802530C24F8}
		{E74D7619-201D-44F8-A7BB-E5314787744E} = {6663543E-C600-4924-A71A-9A1FC28F1FAB}
		{B704B841-F777-4B7F-9C41-2D3AE2BBD487} = {E74D7619-201D-44F8-A7BB-E5314787744E}
		{45C4C76E-1EA8-421E-917C-73513D5642CA} = {B704B841-F777-4B7F-9C41-2D3AE2BBD487}
		{5F4D6256-821C-4F7E-B676-B65A5FF0634A} = {B704B841-F777-4B7F-9C41-2D3AE2BBD487}
		{40950572-E257-4CBC-9047-A2634B741876} = {B704B841-F777-4B7F-9C41-2D3AE2BBD487}
		{413C4B30-88E5-4B27-81BE-9A6129EAC635} = {B704B841-F777-4B7F-9C41-2D3AE2BBD487}
		{9CD9B50C-A4F8-4D6B-BF88-A7A38B49A8D6} = {B704B841-F777-4B7F-9C41-2D3AE2BBD487}
		{B8B90DA0-3A4A-4442-A9A8-AD9D7FED848E} = {B704B841-F777-4B7F-9C41-2D3AE2BBD487}
		{EE8AA14A-0635-44E3-B748-016CB7DFA340} = {B704B841-F777-4B7F-9C41-2D3AE2BBD487}
		{0994972A-812F-4383-BCF5-2818D9D76ED5} = {B704B841-F777-4B7F-9C41-2D3AE2BBD487}
		{3D459EA1-3F20-4250-AD54-16A2CA75B5DA} = {B704B841-F777-4B7F-9C41-2D3AE2BBD487}
		{3F01185E-26AE-4181-A962-7D8992FBD9A8} = {B704B841-F777-4B7F-9C41-2D3AE2BBD487}
		{F07A6D2B-38D9-450E-8EE7-0E157833BF09} = {B704B841-F777-4B7F-9C41-2D3AE2BBD487}
		{BAD9F1FF-BD4D-49FB-8B8C-863A8310092F} = {B704B841-F777-4B7F-9C41-2D3AE2BBD487}
		{42044FF7-1299-4859-8119-086BE40E8137} = {B704B841-F777-4B7F-9C41-2D3AE2BBD487}
		{597DBF09-CA4C-4D2C-A7BC-95BE2AB67440} = {B704B841-F777-4B7F-9C41-2D3AE2BBD487}
		{3732F898-FC8B-41E4-BE51-ABADEC10AB55} = {B704B841-F777-4B7F-9C41-2D3AE2BBD487}
		{AFAA82BB-AF8E-48BB-9DC7-7F1CE9C03EB7} = {B704B841-F777-4B7F-9C41-2D3AE2BBD487}
		{1ADD69F5-2F16-45BD-9499-F16EC072E274} = {B704B841-F777-4B7F-9C41-2D3AE2BBD487}
		{9A584DCD-1068-434D-AED0-B3C17812D1FC} = {B704B841-F777-4B7F-9C41-2D3AE2BBD487}
		{5CEBDAE4-D97E-4929-A721-0E41E75BFFAB} = {B704B841-F777-4B7F-9C41-2D3AE2BBD487}
		{6DFF8275-8A2E-4EC4-A3A3-AB17D7BBA198} = {B704B841-F777-4B7F-9C41-2D3AE2BBD487}
	EndGlobalSection
	GlobalSection(ExtensibilityGlobals) = postSolution
		SolutionGuid = {2B167890-3BA1-4D42-9870-36EEDA9E2602}
	EndGlobalSection
EndGlobal
